// !$*UTF8*$!
{
	archiveVersion = 1;
	classes = {
	};
	objectVersion = 55;
	objects = {

/* Begin PBXBuildFile section */
		0D79C385286486A100799184 /* CustomBlurView.swift in Sources */ = {isa = PBXBuildFile; fileRef = 0D79C381286486A000799184 /* CustomBlurView.swift */; };
		0D79C386286486A100799184 /* CustomUIView.swift in Sources */ = {isa = PBXBuildFile; fileRef = 0D79C382286486A000799184 /* CustomUIView.swift */; };
		0D79C387286486A100799184 /* Font.swift in Sources */ = {isa = PBXBuildFile; fileRef = 0D79C383286486A000799184 /* Font.swift */; };
		0D79C388286486A100799184 /* CustomImageView.swift in Sources */ = {isa = PBXBuildFile; fileRef = 0D79C384286486A000799184 /* CustomImageView.swift */; };
		0DF677C22862200C001CD0A8 /* AppDelegate.swift in Sources */ = {isa = PBXBuildFile; fileRef = 0DF677C12862200C001CD0A8 /* AppDelegate.swift */; };
		0DF677C42862200C001CD0A8 /* SceneDelegate.swift in Sources */ = {isa = PBXBuildFile; fileRef = 0DF677C32862200C001CD0A8 /* SceneDelegate.swift */; };
		0DF677C62862200C001CD0A8 /* ViewController.swift in Sources */ = {isa = PBXBuildFile; fileRef = 0DF677C52862200C001CD0A8 /* ViewController.swift */; };
		0DF677C92862200C001CD0A8 /* Main.storyboard in Resources */ = {isa = PBXBuildFile; fileRef = 0DF677C72862200C001CD0A8 /* Main.storyboard */; };
		0DF677CB2862200E001CD0A8 /* Assets.xcassets in Resources */ = {isa = PBXBuildFile; fileRef = 0DF677CA2862200E001CD0A8 /* Assets.xcassets */; };
		0DF677CE2862200E001CD0A8 /* LaunchScreen.storyboard in Resources */ = {isa = PBXBuildFile; fileRef = 0DF677CC2862200E001CD0A8 /* LaunchScreen.storyboard */; };
/* End PBXBuildFile section */

/* Begin PBXFileReference section */
		0D79C37F2864827000799184 /* MyPlayground.playground */ = {isa = PBXFileReference; lastKnownFileType = file.playground; path = MyPlayground.playground; sourceTree = "<group>"; xcLanguageSpecificationIdentifier = xcode.lang.swift; };
		0D79C381286486A000799184 /* CustomBlurView.swift */ = {isa = PBXFileReference; fileEncoding = 4; lastKnownFileType = sourcecode.swift; path = CustomBlurView.swift; sourceTree = "<group>"; };
		0D79C382286486A000799184 /* CustomUIView.swift */ = {isa = PBXFileReference; fileEncoding = 4; lastKnownFileType = sourcecode.swift; path = CustomUIView.swift; sourceTree = "<group>"; };
		0D79C383286486A000799184 /* Font.swift */ = {isa = PBXFileReference; fileEncoding = 4; lastKnownFileType = sourcecode.swift; path = Font.swift; sourceTree = "<group>"; };
		0D79C384286486A000799184 /* CustomImageView.swift */ = {isa = PBXFileReference; fileEncoding = 4; lastKnownFileType = sourcecode.swift; path = CustomImageView.swift; sourceTree = "<group>"; };
		0DF677BE2862200C001CD0A8 /* UIKitCourse.app */ = {isa = PBXFileReference; explicitFileType = wrapper.application; includeInIndex = 0; path = UIKitCourse.app; sourceTree = BUILT_PRODUCTS_DIR; };
		0DF677C12862200C001CD0A8 /* AppDelegate.swift */ = {isa = PBXFileReference; lastKnownFileType = sourcecode.swift; path = AppDelegate.swift; sourceTree = "<group>"; };
		0DF677C32862200C001CD0A8 /* SceneDelegate.swift */ = {isa = PBXFileReference; lastKnownFileType = sourcecode.swift; path = SceneDelegate.swift; sourceTree = "<group>"; };
		0DF677C52862200C001CD0A8 /* ViewController.swift */ = {isa = PBXFileReference; lastKnownFileType = sourcecode.swift; path = ViewController.swift; sourceTree = "<group>"; };
		0DF677C82862200C001CD0A8 /* Base */ = {isa = PBXFileReference; lastKnownFileType = file.storyboard; name = Base; path = Base.lproj/Main.storyboard; sourceTree = "<group>"; };
		0DF677CA2862200E001CD0A8 /* Assets.xcassets */ = {isa = PBXFileReference; lastKnownFileType = folder.assetcatalog; path = Assets.xcassets; sourceTree = "<group>"; };
		0DF677CD2862200E001CD0A8 /* Base */ = {isa = PBXFileReference; lastKnownFileType = file.storyboard; name = Base; path = Base.lproj/LaunchScreen.storyboard; sourceTree = "<group>"; };
		0DF677CF2862200E001CD0A8 /* Info.plist */ = {isa = PBXFileReference; lastKnownFileType = text.plist.xml; path = Info.plist; sourceTree = "<group>"; };
/* End PBXFileReference section */

/* Begin PBXFrameworksBuildPhase section */
		0DF677BB2862200C001CD0A8 /* Frameworks */ = {
			isa = PBXFrameworksBuildPhase;
			buildActionMask = 2147483647;
			files = (
			);
			runOnlyForDeploymentPostprocessing = 0;
		};
/* End PBXFrameworksBuildPhase section */

/* Begin PBXGroup section */
		0D79C380286486A000799184 /* Helpers */ = {
			isa = PBXGroup;
			children = (
				0D79C381286486A000799184 /* CustomBlurView.swift */,
				0D79C382286486A000799184 /* CustomUIView.swift */,
				0D79C383286486A000799184 /* Font.swift */,
				0D79C384286486A000799184 /* CustomImageView.swift */,
			);
			path = Helpers;
			sourceTree = "<group>";
		};
		0DF677B52862200C001CD0A8 = {
			isa = PBXGroup;
			children = (
				0DF677C02862200C001CD0A8 /* UIKitCourse */,
				0DF677BF2862200C001CD0A8 /* Products */,
			);
			sourceTree = "<group>";
		};
		0DF677BF2862200C001CD0A8 /* Products */ = {
			isa = PBXGroup;
			children = (
				0DF677BE2862200C001CD0A8 /* UIKitCourse.app */,
			);
			name = Products;
			sourceTree = "<group>";
		};
		0DF677C02862200C001CD0A8 /* UIKitCourse */ = {
			isa = PBXGroup;
			children = (
				0D79C380286486A000799184 /* Helpers */,
				0DF677C12862200C001CD0A8 /* AppDelegate.swift */,
				0DF677C32862200C001CD0A8 /* SceneDelegate.swift */,
				0DF677C52862200C001CD0A8 /* ViewController.swift */,
				0DF677C72862200C001CD0A8 /* Main.storyboard */,
				0D79C37F2864827000799184 /* MyPlayground.playground */,
				0DF677CA2862200E001CD0A8 /* Assets.xcassets */,
				0DF677CC2862200E001CD0A8 /* LaunchScreen.storyboard */,
				0DF677CF2862200E001CD0A8 /* Info.plist */,
			);
			path = UIKitCourse;
			sourceTree = "<group>";
		};
/* End PBXGroup section */

/* Begin PBXNativeTarget section */
		0DF677BD2862200C001CD0A8 /* UIKitCourse */ = {
			isa = PBXNativeTarget;
			buildConfigurationList = 0DF677D22862200E001CD0A8 /* Build configuration list for PBXNativeTarget "UIKitCourse" */;
			buildPhases = (
				0DF677BA2862200C001CD0A8 /* Sources */,
				0DF677BB2862200C001CD0A8 /* Frameworks */,
				0DF677BC2862200C001CD0A8 /* Resources */,
			);
			buildRules = (
			);
			dependencies = (
			);
			name = UIKitCourse;
			productName = UIKitCourse;
			productReference = 0DF677BE2862200C001CD0A8 /* UIKitCourse.app */;
			productType = "com.apple.product-type.application";
		};
/* End PBXNativeTarget section */

/* Begin PBXProject section */
		0DF677B62862200C001CD0A8 /* Project object */ = {
			isa = PBXProject;
			attributes = {
				BuildIndependentTargetsInParallel = 1;
				LastSwiftUpdateCheck = 1330;
				LastUpgradeCheck = 1330;
				TargetAttributes = {
					0DF677BD2862200C001CD0A8 = {
						CreatedOnToolsVersion = 13.3;
					};
				};
			};
			buildConfigurationList = 0DF677B92862200C001CD0A8 /* Build configuration list for PBXProject "UIKitCourse" */;
			compatibilityVersion = "Xcode 13.0";
			developmentRegion = en;
			hasScannedForEncodings = 0;
			knownRegions = (
				en,
				Base,
			);
			mainGroup = 0DF677B52862200C001CD0A8;
			productRefGroup = 0DF677BF2862200C001CD0A8 /* Products */;
			projectDirPath = "";
			projectRoot = "";
			targets = (
				0DF677BD2862200C001CD0A8 /* UIKitCourse */,
			);
		};
/* End PBXProject section */

/* Begin PBXResourcesBuildPhase section */
		0DF677BC2862200C001CD0A8 /* Resources */ = {
			isa = PBXResourcesBuildPhase;
			buildActionMask = 2147483647;
			files = (
				0DF677CE2862200E001CD0A8 /* LaunchScreen.storyboard in Resources */,
				0DF677CB2862200E001CD0A8 /* Assets.xcassets in Resources */,
				0DF677C92862200C001CD0A8 /* Main.storyboard in Resources */,
			);
			runOnlyForDeploymentPostprocessing = 0;
		};
/* End PBXResourcesBuildPhase section */

/* Begin PBXSourcesBuildPhase section */
		0DF677BA2862200C001CD0A8 /* Sources */ = {
			isa = PBXSourcesBuildPhase;
			buildActionMask = 2147483647;
			files = (
				0DF677C62862200C001CD0A8 /* ViewController.swift in Sources */,
				0D79C386286486A100799184 /* CustomUIView.swift in Sources */,
				0D79C387286486A100799184 /* Font.swift in Sources */,
				0D79C388286486A100799184 /* CustomImageView.swift in Sources */,
				0DF677C22862200C001CD0A8 /* AppDelegate.swift in Sources */,
				0D79C385286486A100799184 /* CustomBlurView.swift in Sources */,
				0DF677C42862200C001CD0A8 /* SceneDelegate.swift in Sources */,
			);
			runOnlyForDeploymentPostprocessing = 0;
		};
/* End PBXSourcesBuildPhase section */

/* Begin PBXVariantGroup section */
		0DF677C72862200C001CD0A8 /* Main.storyboard */ = {
			isa = PBXVariantGroup;
			children = (
				0DF677C82862200C001CD0A8 /* Base */,
			);
			name = Main.storyboard;
			sourceTree = "<group>";
		};
		0DF677CC2862200E001CD0A8 /* LaunchScreen.storyboard */ = {
			isa = PBXVariantGroup;
			children = (
				0DF677CD2862200E001CD0A8 /* Base */,
			);
			name = LaunchScreen.storyboard;
			sourceTree = "<group>";
		};
/* End PBXVariantGroup section */

/* Begin XCBuildConfiguration section */
		0DF677D02862200E001CD0A8 /* Debug */ = {
			isa = XCBuildConfiguration;
			buildSettings = {
				ALWAYS_SEARCH_USER_PATHS = NO;
				CLANG_ANALYZER_NONNULL = YES;
				CLANG_ANALYZER_NUMBER_OBJECT_CONVERSION = YES_AGGRESSIVE;
				CLANG_CXX_LANGUAGE_STANDARD = "gnu++17";
				CLANG_ENABLE_MODULES = YES;
				CLANG_ENABLE_OBJC_ARC = YES;
				CLANG_ENABLE_OBJC_WEAK = YES;
				CLANG_WARN_BLOCK_CAPTURE_AUTORELEASING = YES;
				CLANG_WARN_BOOL_CONVERSION = YES;
				CLANG_WARN_COMMA = YES;
				CLANG_WARN_CONSTANT_CONVERSION = YES;
				CLANG_WARN_DEPRECATED_OBJC_IMPLEMENTATIONS = YES;
				CLANG_WARN_DIRECT_OBJC_ISA_USAGE = YES_ERROR;
				CLANG_WARN_DOCUMENTATION_COMMENTS = YES;
				CLANG_WARN_EMPTY_BODY = YES;
				CLANG_WARN_ENUM_CONVERSION = YES;
				CLANG_WARN_INFINITE_RECURSION = YES;
				CLANG_WARN_INT_CONVERSION = YES;
				CLANG_WARN_NON_LITERAL_NULL_CONVERSION = YES;
				CLANG_WARN_OBJC_IMPLICIT_RETAIN_SELF = YES;
				CLANG_WARN_OBJC_LITERAL_CONVERSION = YES;
				CLANG_WARN_OBJC_ROOT_CLASS = YES_ERROR;
				CLANG_WARN_QUOTED_INCLUDE_IN_FRAMEWORK_HEADER = YES;
				CLANG_WARN_RANGE_LOOP_ANALYSIS = YES;
				CLANG_WARN_STRICT_PROTOTYPES = YES;
				CLANG_WARN_SUSPICIOUS_MOVE = YES;
				CLANG_WARN_UNGUARDED_AVAILABILITY = YES_AGGRESSIVE;
				CLANG_WARN_UNREACHABLE_CODE = YES;
				CLANG_WARN__DUPLICATE_METHOD_MATCH = YES;
				COPY_PHASE_STRIP = NO;
				DEBUG_INFORMATION_FORMAT = dwarf;
				ENABLE_STRICT_OBJC_MSGSEND = YES;
				ENABLE_TESTABILITY = YES;
				GCC_C_LANGUAGE_STANDARD = gnu11;
				GCC_DYNAMIC_NO_PIC = NO;
				GCC_NO_COMMON_BLOCKS = YES;
				GCC_OPTIMIZATION_LEVEL = 0;
				GCC_PREPROCESSOR_DEFINITIONS = (
					"DEBUG=1",
					"$(inherited)",
				);
				GCC_WARN_64_TO_32_BIT_CONVERSION = YES;
				GCC_WARN_ABOUT_RETURN_TYPE = YES_ERROR;
				GCC_WARN_UNDECLARED_SELECTOR = YES;
				GCC_WARN_UNINITIALIZED_AUTOS = YES_AGGRESSIVE;
				GCC_WARN_UNUSED_FUNCTION = YES;
				GCC_WARN_UNUSED_VARIABLE = YES;
				IPHONEOS_DEPLOYMENT_TARGET = 15.4;
				MTL_ENABLE_DEBUG_INFO = INCLUDE_SOURCE;
				MTL_FAST_MATH = YES;
				ONLY_ACTIVE_ARCH = YES;
				SDKROOT = iphoneos;
				SWIFT_ACTIVE_COMPILATION_CONDITIONS = DEBUG;
				SWIFT_OPTIMIZATION_LEVEL = "-Onone";
			};
			name = Debug;
		};
		0DF677D12862200E001CD0A8 /* Release */ = {
			isa = XCBuildConfiguration;
			buildSettings = {
				ALWAYS_SEARCH_USER_PATHS = NO;
				CLANG_ANALYZER_NONNULL = YES;
				CLANG_ANALYZER_NUMBER_OBJECT_CONVERSION = YES_AGGRESSIVE;
				CLANG_CXX_LANGUAGE_STANDARD = "gnu++17";
				CLANG_ENABLE_MODULES = YES;
				CLANG_ENABLE_OBJC_ARC = YES;
				CLANG_ENABLE_OBJC_WEAK = YES;
				CLANG_WARN_BLOCK_CAPTURE_AUTORELEASING = YES;
				CLANG_WARN_BOOL_CONVERSION = YES;
				CLANG_WARN_COMMA = YES;
				CLANG_WARN_CONSTANT_CONVERSION = YES;
				CLANG_WARN_DEPRECATED_OBJC_IMPLEMENTATIONS = YES;
				CLANG_WARN_DIRECT_OBJC_ISA_USAGE = YES_ERROR;
				CLANG_WARN_DOCUMENTATION_COMMENTS = YES;
				CLANG_WARN_EMPTY_BODY = YES;
				CLANG_WARN_ENUM_CONVERSION = YES;
				CLANG_WARN_INFINITE_RECURSION = YES;
				CLANG_WARN_INT_CONVERSION = YES;
				CLANG_WARN_NON_LITERAL_NULL_CONVERSION = YES;
				CLANG_WARN_OBJC_IMPLICIT_RETAIN_SELF = YES;
				CLANG_WARN_OBJC_LITERAL_CONVERSION = YES;
				CLANG_WARN_OBJC_ROOT_CLASS = YES_ERROR;
				CLANG_WARN_QUOTED_INCLUDE_IN_FRAMEWORK_HEADER = YES;
				CLANG_WARN_RANGE_LOOP_ANALYSIS = YES;
				CLANG_WARN_STRICT_PROTOTYPES = YES;
				CLANG_WARN_SUSPICIOUS_MOVE = YES;
				CLANG_WARN_UNGUARDED_AVAILABILITY = YES_AGGRESSIVE;
				CLANG_WARN_UNREACHABLE_CODE = YES;
				CLANG_WARN__DUPLICATE_METHOD_MATCH = YES;
				COPY_PHASE_STRIP = NO;
				DEBUG_INFORMATION_FORMAT = "dwarf-with-dsym";
				ENABLE_NS_ASSERTIONS = NO;
				ENABLE_STRICT_OBJC_MSGSEND = YES;
				GCC_C_LANGUAGE_STANDARD = gnu11;
				GCC_NO_COMMON_BLOCKS = YES;
				GCC_WARN_64_TO_32_BIT_CONVERSION = YES;
				GCC_WARN_ABOUT_RETURN_TYPE = YES_ERROR;
				GCC_WARN_UNDECLARED_SELECTOR = YES;
				GCC_WARN_UNINITIALIZED_AUTOS = YES_AGGRESSIVE;
				GCC_WARN_UNUSED_FUNCTION = YES;
				GCC_WARN_UNUSED_VARIABLE = YES;
				IPHONEOS_DEPLOYMENT_TARGET = 15.4;
				MTL_ENABLE_DEBUG_INFO = NO;
				MTL_FAST_MATH = YES;
				SDKROOT = iphoneos;
				SWIFT_COMPILATION_MODE = wholemodule;
				SWIFT_OPTIMIZATION_LEVEL = "-O";
				VALIDATE_PRODUCT = YES;
			};
			name = Release;
		};
		0DF677D32862200E001CD0A8 /* Debug */ = {
			isa = XCBuildConfiguration;
			buildSettings = {
				ASSETCATALOG_COMPILER_APPICON_NAME = AppIcon;
				ASSETCATALOG_COMPILER_GLOBAL_ACCENT_COLOR_NAME = AccentColor;
				CODE_SIGN_STYLE = Automatic;
				CURRENT_PROJECT_VERSION = 1;
				DEVELOPMENT_TEAM = K4B335LMWX;
				GENERATE_INFOPLIST_FILE = YES;
				INFOPLIST_FILE = UIKitCourse/Info.plist;
				INFOPLIST_KEY_UIApplicationSupportsIndirectInputEvents = YES;
				INFOPLIST_KEY_UILaunchStoryboardName = LaunchScreen;
				INFOPLIST_KEY_UIMainStoryboardFile = Main;
				INFOPLIST_KEY_UISupportedInterfaceOrientations_iPad = "UIInterfaceOrientationPortrait UIInterfaceOrientationPortraitUpsideDown UIInterfaceOrientationLandscapeLeft UIInterfaceOrientationLandscapeRight";
				INFOPLIST_KEY_UISupportedInterfaceOrientations_iPhone = "UIInterfaceOrientationPortrait UIInterfaceOrientationLandscapeLeft UIInterfaceOrientationLandscapeRight";
				LD_RUNPATH_SEARCH_PATHS = (
					"$(inherited)",
					"@executable_path/Frameworks",
				);
				MARKETING_VERSION = 1.0;
				PRODUCT_BUNDLE_IDENTIFIER = Brotsky.UIKitCourse;
				PRODUCT_NAME = "$(TARGET_NAME)";
				SWIFT_EMIT_LOC_STRINGS = YES;
				SWIFT_VERSION = 5.0;
				TARGETED_DEVICE_FAMILY = "1,2";
			};
			name = Debug;
		};
		0DF677D42862200E001CD0A8 /* Release */ = {
			isa = XCBuildConfiguration;
			buildSettings = {
				ASSETCATALOG_COMPILER_APPICON_NAME = AppIcon;
				ASSETCATALOG_COMPILER_GLOBAL_ACCENT_COLOR_NAME = AccentColor;
				CODE_SIGN_STYLE = Automatic;
				CURRENT_PROJECT_VERSION = 1;
				DEVELOPMENT_TEAM = K4B335LMWX;
				GENERATE_INFOPLIST_FILE = YES;
				INFOPLIST_FILE = UIKitCourse/Info.plist;
				INFOPLIST_KEY_UIApplicationSupportsIndirectInputEvents = YES;
				INFOPLIST_KEY_UILaunchStoryboardName = LaunchScreen;
				INFOPLIST_KEY_UIMainStoryboardFile = Main;
				INFOPLIST_KEY_UISupportedInterfaceOrientations_iPad = "UIInterfaceOrientationPortrait UIInterfaceOrientationPortraitUpsideDown UIInterfaceOrientationLandscapeLeft UIInterfaceOrientationLandscapeRight";
				INFOPLIST_KEY_UISupportedInterfaceOrientations_iPhone = "UIInterfaceOrientationPortrait UIInterfaceOrientationLandscapeLeft UIInterfaceOrientationLandscapeRight";
				LD_RUNPATH_SEARCH_PATHS = (
					"$(inherited)",
					"@executable_path/Frameworks",
				);
				MARKETING_VERSION = 1.0;
				PRODUCT_BUNDLE_IDENTIFIER = Brotsky.UIKitCourse;
				PRODUCT_NAME = "$(TARGET_NAME)";
				SWIFT_EMIT_LOC_STRINGS = YES;
				SWIFT_VERSION = 5.0;
				TARGETED_DEVICE_FAMILY = "1,2";
			};
			name = Release;
		};
/* End XCBuildConfiguration section */

/* Begin XCConfigurationList section */
		0DF677B92862200C001CD0A8 /* Build configuration list for PBXProject "UIKitCourse" */ = {
			isa = XCConfigurationList;
			buildConfigurations = (
				0DF677D02862200E001CD0A8 /* Debug */,
				0DF677D12862200E001CD0A8 /* Release */,
			);
			defaultConfigurationIsVisible = 0;
			defaultConfigurationName = Release;
		};
		0DF677D22862200E001CD0A8 /* Build configuration list for PBXNativeTarget "UIKitCourse" */ = {
			isa = XCConfigurationList;
			buildConfigurations = (
				0DF677D32862200E001CD0A8 /* Debug */,
				0DF677D42862200E001CD0A8 /* Release */,
			);
			defaultConfigurationIsVisible = 0;
			defaultConfigurationName = Release;
		};
/* End XCConfigurationList section */
	};
	rootObject = 0DF677B62862200C001CD0A8 /* Project object */;
}
